
Microsoft Visual Studio Solution File, Format Version 12.00
# Visual Studio Version 16
VisualStudioVersion = 16.0.33529.622
MinimumVisualStudioVersion = 10.0.40219.1
Project("{FAE04EC0-301F-11D3-BF4B-00C04F79EFBC}") = "Aula06Condições", "Aula06Condições\Aula06Condições.csproj", "{42DC3FBF-3CC2-49C7-830A-057FC82EE8E3}"
EndProject
Global
	GlobalSection(SolutionConfigurationPlatforms) = preSolution
		Debug|Any CPU = Debug|Any CPU
		Release|Any CPU = Release|Any CPU
	EndGlobalSection
	GlobalSection(ProjectConfigurationPlatforms) = postSolution
		{42DC3FBF-3CC2-49C7-830A-057FC82EE8E3}.Debug|Any CPU.ActiveCfg = Debug|Any CPU
		{42DC3FBF-3CC2-49C7-830A-057FC82EE8E3}.Debug|Any CPU.Build.0 = Debug|Any CPU
		{42DC3FBF-3CC2-49C7-830A-057FC82EE8E3}.Release|Any CPU.ActiveCfg = Release|Any CPU
		{42DC3FBF-3CC2-49C7-830A-057FC82EE8E3}.Release|Any CPU.Build.0 = Release|Any CPU
	EndGlobalSection
	GlobalSection(SolutionProperties) = preSolution
		HideSolutionNode = FALSE
	EndGlobalSection
	GlobalSection(ExtensibilityGlobals) = postSolution
		SolutionGuid = {CDFBF389-1270-48D9-91A6-20650F0ACA56}
	EndGlobalSection
EndGlobal
